// !$*UTF8*$!
{
	archiveVersion = 1;
	classes = {
	};
	objectVersion = 56;
	objects = {

/* Begin PBXBuildFile section */
		A45A6E0E2BE791340019C872 /* AppDelegate.swift in Sources */ = {isa = PBXBuildFile; fileRef = A45A6E0D2BE791340019C872 /* AppDelegate.swift */; };
		A45A6E172BE791340019C872 /* Main.storyboard in Resources */ = {isa = PBXBuildFile; fileRef = A45A6E152BE791340019C872 /* Main.storyboard */; };
		A45A6E192BE791360019C872 /* Assets.xcassets in Resources */ = {isa = PBXBuildFile; fileRef = A45A6E182BE791360019C872 /* Assets.xcassets */; };
		A45A6E1C2BE791360019C872 /* LaunchScreen.storyboard in Resources */ = {isa = PBXBuildFile; fileRef = A45A6E1A2BE791360019C872 /* LaunchScreen.storyboard */; };
		A45A6E252BE791E40019C872 /* Alamofire in Frameworks */ = {isa = PBXBuildFile; productRef = A45A6E242BE791E40019C872 /* Alamofire */; };
		A45A6E272BE791E40019C872 /* AlamofireDynamic in Frameworks */ = {isa = PBXBuildFile; productRef = A45A6E262BE791E40019C872 /* AlamofireDynamic */; };
		A45A6E2A2BE792080019C872 /* SkeletonUI in Frameworks */ = {isa = PBXBuildFile; productRef = A45A6E292BE792080019C872 /* SkeletonUI */; };
		A45A6E2D2BE792200019C872 /* SDWebImage in Frameworks */ = {isa = PBXBuildFile; productRef = A45A6E2C2BE792200019C872 /* SDWebImage */; };
		A45A6E2F2BE792200019C872 /* SDWebImageMapKit in Frameworks */ = {isa = PBXBuildFile; productRef = A45A6E2E2BE792200019C872 /* SDWebImageMapKit */; };
		A45A6E382BE861E70019C872 /* PokemonListPresenter.swift in Sources */ = {isa = PBXBuildFile; fileRef = A45A6E322BE861E70019C872 /* PokemonListPresenter.swift */; };
		A45A6E392BE861E70019C872 /* PokemonListWorker.swift in Sources */ = {isa = PBXBuildFile; fileRef = A45A6E332BE861E70019C872 /* PokemonListWorker.swift */; };
		A45A6E3A2BE861E70019C872 /* PokemonListRouter.swift in Sources */ = {isa = PBXBuildFile; fileRef = A45A6E342BE861E70019C872 /* PokemonListRouter.swift */; };
		A45A6E3B2BE861E70019C872 /* PokemonListModels.swift in Sources */ = {isa = PBXBuildFile; fileRef = A45A6E352BE861E70019C872 /* PokemonListModels.swift */; };
		A45A6E3C2BE861E70019C872 /* PokemonListViewController.swift in Sources */ = {isa = PBXBuildFile; fileRef = A45A6E362BE861E70019C872 /* PokemonListViewController.swift */; };
		A45A6E3D2BE861E70019C872 /* PokemonListInteractor.swift in Sources */ = {isa = PBXBuildFile; fileRef = A45A6E372BE861E70019C872 /* PokemonListInteractor.swift */; };
		A45A6E402BE864CE0019C872 /* Endpoint.swift in Sources */ = {isa = PBXBuildFile; fileRef = A45A6E3F2BE864CE0019C872 /* Endpoint.swift */; };
		A46427BF2BEA359A0084B17B /* PokemonDetailPresenter.swift in Sources */ = {isa = PBXBuildFile; fileRef = A46427B92BEA35990084B17B /* PokemonDetailPresenter.swift */; };
		A46427C02BEA359A0084B17B /* PokemonDetailWorker.swift in Sources */ = {isa = PBXBuildFile; fileRef = A46427BA2BEA35990084B17B /* PokemonDetailWorker.swift */; };
		A46427C12BEA359A0084B17B /* PokemonDetailRouter.swift in Sources */ = {isa = PBXBuildFile; fileRef = A46427BB2BEA35990084B17B /* PokemonDetailRouter.swift */; };
		A46427C22BEA359A0084B17B /* PokemonDetailModels.swift in Sources */ = {isa = PBXBuildFile; fileRef = A46427BC2BEA35990084B17B /* PokemonDetailModels.swift */; };
		A46427C32BEA359A0084B17B /* PokemonDetailViewController.swift in Sources */ = {isa = PBXBuildFile; fileRef = A46427BD2BEA35990084B17B /* PokemonDetailViewController.swift */; };
		A46427C42BEA359A0084B17B /* PokemonDetailInteractor.swift in Sources */ = {isa = PBXBuildFile; fileRef = A46427BE2BEA35990084B17B /* PokemonDetailInteractor.swift */; };
/* End PBXBuildFile section */

/* Begin PBXFileReference section */
		A45A6E0A2BE791340019C872 /* PokeAPI-Chalange.app */ = {isa = PBXFileReference; explicitFileType = wrapper.application; includeInIndex = 0; path = "PokeAPI-Chalange.app"; sourceTree = BUILT_PRODUCTS_DIR; };
		A45A6E0D2BE791340019C872 /* AppDelegate.swift */ = {isa = PBXFileReference; lastKnownFileType = sourcecode.swift; path = AppDelegate.swift; sourceTree = "<group>"; };
		A45A6E162BE791340019C872 /* Base */ = {isa = PBXFileReference; lastKnownFileType = file.storyboard; name = Base; path = Base.lproj/Main.storyboard; sourceTree = "<group>"; };
		A45A6E182BE791360019C872 /* Assets.xcassets */ = {isa = PBXFileReference; lastKnownFileType = folder.assetcatalog; path = Assets.xcassets; sourceTree = "<group>"; };
		A45A6E1B2BE791360019C872 /* Base */ = {isa = PBXFileReference; lastKnownFileType = file.storyboard; name = Base; path = Base.lproj/LaunchScreen.storyboard; sourceTree = "<group>"; };
		A45A6E1D2BE791360019C872 /* Info.plist */ = {isa = PBXFileReference; lastKnownFileType = text.plist.xml; path = Info.plist; sourceTree = "<group>"; };
		A45A6E322BE861E70019C872 /* PokemonListPresenter.swift */ = {isa = PBXFileReference; lastKnownFileType = sourcecode.swift; path = PokemonListPresenter.swift; sourceTree = "<group>"; };
		A45A6E332BE861E70019C872 /* PokemonListWorker.swift */ = {isa = PBXFileReference; lastKnownFileType = sourcecode.swift; path = PokemonListWorker.swift; sourceTree = "<group>"; };
		A45A6E342BE861E70019C872 /* PokemonListRouter.swift */ = {isa = PBXFileReference; lastKnownFileType = sourcecode.swift; path = PokemonListRouter.swift; sourceTree = "<group>"; };
		A45A6E352BE861E70019C872 /* PokemonListModels.swift */ = {isa = PBXFileReference; lastKnownFileType = sourcecode.swift; path = PokemonListModels.swift; sourceTree = "<group>"; };
		A45A6E362BE861E70019C872 /* PokemonListViewController.swift */ = {isa = PBXFileReference; lastKnownFileType = sourcecode.swift; path = PokemonListViewController.swift; sourceTree = "<group>"; };
		A45A6E372BE861E70019C872 /* PokemonListInteractor.swift */ = {isa = PBXFileReference; lastKnownFileType = sourcecode.swift; path = PokemonListInteractor.swift; sourceTree = "<group>"; };
		A45A6E3F2BE864CE0019C872 /* Endpoint.swift */ = {isa = PBXFileReference; lastKnownFileType = sourcecode.swift; path = Endpoint.swift; sourceTree = "<group>"; };
		A46427B92BEA35990084B17B /* PokemonDetailPresenter.swift */ = {isa = PBXFileReference; lastKnownFileType = sourcecode.swift; path = PokemonDetailPresenter.swift; sourceTree = "<group>"; };
		A46427BA2BEA35990084B17B /* PokemonDetailWorker.swift */ = {isa = PBXFileReference; lastKnownFileType = sourcecode.swift; path = PokemonDetailWorker.swift; sourceTree = "<group>"; };
		A46427BB2BEA35990084B17B /* PokemonDetailRouter.swift */ = {isa = PBXFileReference; lastKnownFileType = sourcecode.swift; path = PokemonDetailRouter.swift; sourceTree = "<group>"; };
		A46427BC2BEA35990084B17B /* PokemonDetailModels.swift */ = {isa = PBXFileReference; lastKnownFileType = sourcecode.swift; path = PokemonDetailModels.swift; sourceTree = "<group>"; };
		A46427BD2BEA35990084B17B /* PokemonDetailViewController.swift */ = {isa = PBXFileReference; lastKnownFileType = sourcecode.swift; path = PokemonDetailViewController.swift; sourceTree = "<group>"; };
		A46427BE2BEA35990084B17B /* PokemonDetailInteractor.swift */ = {isa = PBXFileReference; lastKnownFileType = sourcecode.swift; path = PokemonDetailInteractor.swift; sourceTree = "<group>"; };
/* End PBXFileReference section */

/* Begin PBXFrameworksBuildPhase section */
		A45A6E072BE791340019C872 /* Frameworks */ = {
			isa = PBXFrameworksBuildPhase;
			buildActionMask = 2147483647;
			files = (
				A45A6E252BE791E40019C872 /* Alamofire in Frameworks */,
				A45A6E2F2BE792200019C872 /* SDWebImageMapKit in Frameworks */,
				A45A6E2A2BE792080019C872 /* SkeletonUI in Frameworks */,
				A45A6E2D2BE792200019C872 /* SDWebImage in Frameworks */,
				A45A6E272BE791E40019C872 /* AlamofireDynamic in Frameworks */,
			);
			runOnlyForDeploymentPostprocessing = 0;
		};
/* End PBXFrameworksBuildPhase section */

/* Begin PBXGroup section */
		A404A3882BE93BF2004BDEF7 /* Utils */ = {
			isa = PBXGroup;
			children = (
				A45A6E3F2BE864CE0019C872 /* Endpoint.swift */,
			);
			path = Utils;
			sourceTree = "<group>";
		};
		A45A6E012BE791340019C872 = {
			isa = PBXGroup;
			children = (
				A45A6E0C2BE791340019C872 /* PokeAPI-Chalange */,
				A45A6E0B2BE791340019C872 /* Products */,
			);
			sourceTree = "<group>";
		};
		A45A6E0B2BE791340019C872 /* Products */ = {
			isa = PBXGroup;
			children = (
				A45A6E0A2BE791340019C872 /* PokeAPI-Chalange.app */,
			);
			name = Products;
			sourceTree = "<group>";
		};
		A45A6E0C2BE791340019C872 /* PokeAPI-Chalange */ = {
			isa = PBXGroup;
			children = (
				A45A6E0D2BE791340019C872 /* AppDelegate.swift */,
				A46427C62BEA35C20084B17B /* PokemonDetail */,
				A45A6E3E2BE861F00019C872 /* PokemonList */,
				A404A3882BE93BF2004BDEF7 /* Utils */,
				A45A6E152BE791340019C872 /* Main.storyboard */,
				A45A6E182BE791360019C872 /* Assets.xcassets */,
				A45A6E1A2BE791360019C872 /* LaunchScreen.storyboard */,
				A45A6E1D2BE791360019C872 /* Info.plist */,
			);
			path = "PokeAPI-Chalange";
			sourceTree = "<group>";
		};
		A45A6E3E2BE861F00019C872 /* PokemonList */ = {
			isa = PBXGroup;
			children = (
				A45A6E322BE861E70019C872 /* PokemonListPresenter.swift */,
				A45A6E332BE861E70019C872 /* PokemonListWorker.swift */,
				A45A6E342BE861E70019C872 /* PokemonListRouter.swift */,
				A45A6E352BE861E70019C872 /* PokemonListModels.swift */,
				A45A6E362BE861E70019C872 /* PokemonListViewController.swift */,
				A45A6E372BE861E70019C872 /* PokemonListInteractor.swift */,
			);
			path = PokemonList;
			sourceTree = "<group>";
		};
		A46427C62BEA35C20084B17B /* PokemonDetail */ = {
			isa = PBXGroup;
			children = (
				A46427B92BEA35990084B17B /* PokemonDetailPresenter.swift */,
				A46427BA2BEA35990084B17B /* PokemonDetailWorker.swift */,
				A46427BB2BEA35990084B17B /* PokemonDetailRouter.swift */,
				A46427BC2BEA35990084B17B /* PokemonDetailModels.swift */,
				A46427BD2BEA35990084B17B /* PokemonDetailViewController.swift */,
				A46427BE2BEA35990084B17B /* PokemonDetailInteractor.swift */,
			);
			path = PokemonDetail;
			sourceTree = "<group>";
		};
/* End PBXGroup section */

/* Begin PBXNativeTarget section */
		A45A6E092BE791340019C872 /* PokeAPI-Chalange */ = {
			isa = PBXNativeTarget;
			buildConfigurationList = A45A6E202BE791360019C872 /* Build configuration list for PBXNativeTarget "PokeAPI-Chalange" */;
			buildPhases = (
				A45A6E062BE791340019C872 /* Sources */,
				A45A6E072BE791340019C872 /* Frameworks */,
				A45A6E082BE791340019C872 /* Resources */,
			);
			buildRules = (
			);
			dependencies = (
			);
			name = "PokeAPI-Chalange";
			packageProductDependencies = (
				A45A6E242BE791E40019C872 /* Alamofire */,
				A45A6E262BE791E40019C872 /* AlamofireDynamic */,
				A45A6E292BE792080019C872 /* SkeletonUI */,
				A45A6E2C2BE792200019C872 /* SDWebImage */,
				A45A6E2E2BE792200019C872 /* SDWebImageMapKit */,
			);
			productName = "PokeAPI-Chalange";
			productReference = A45A6E0A2BE791340019C872 /* PokeAPI-Chalange.app */;
			productType = "com.apple.product-type.application";
		};
/* End PBXNativeTarget section */

/* Begin PBXProject section */
		A45A6E022BE791340019C872 /* Project object */ = {
			isa = PBXProject;
			attributes = {
				BuildIndependentTargetsInParallel = 1;
				LastSwiftUpdateCheck = 1520;
				LastUpgradeCheck = 1520;
				TargetAttributes = {
					A45A6E092BE791340019C872 = {
						CreatedOnToolsVersion = 15.2;
					};
				};
			};
			buildConfigurationList = A45A6E052BE791340019C872 /* Build configuration list for PBXProject "PokeAPI-Chalange" */;
			compatibilityVersion = "Xcode 14.0";
			developmentRegion = en;
			hasScannedForEncodings = 0;
			knownRegions = (
				en,
				Base,
			);
			mainGroup = A45A6E012BE791340019C872;
			packageReferences = (
				A45A6E232BE791E40019C872 /* XCRemoteSwiftPackageReference "Alamofire" */,
				A45A6E282BE792080019C872 /* XCRemoteSwiftPackageReference "SkeletonUI" */,
				A45A6E2B2BE792200019C872 /* XCRemoteSwiftPackageReference "SDWebImage" */,
			);
			productRefGroup = A45A6E0B2BE791340019C872 /* Products */;
			projectDirPath = "";
			projectRoot = "";
			targets = (
				A45A6E092BE791340019C872 /* PokeAPI-Chalange */,
			);
		};
/* End PBXProject section */

/* Begin PBXResourcesBuildPhase section */
		A45A6E082BE791340019C872 /* Resources */ = {
			isa = PBXResourcesBuildPhase;
			buildActionMask = 2147483647;
			files = (
				A45A6E1C2BE791360019C872 /* LaunchScreen.storyboard in Resources */,
				A45A6E192BE791360019C872 /* Assets.xcassets in Resources */,
				A45A6E172BE791340019C872 /* Main.storyboard in Resources */,
			);
			runOnlyForDeploymentPostprocessing = 0;
		};
/* End PBXResourcesBuildPhase section */

/* Begin PBXSourcesBuildPhase section */
		A45A6E062BE791340019C872 /* Sources */ = {
			isa = PBXSourcesBuildPhase;
			buildActionMask = 2147483647;
			files = (
				A46427C32BEA359A0084B17B /* PokemonDetailViewController.swift in Sources */,
				A46427C22BEA359A0084B17B /* PokemonDetailModels.swift in Sources */,
				A45A6E3D2BE861E70019C872 /* PokemonListInteractor.swift in Sources */,
				A45A6E402BE864CE0019C872 /* Endpoint.swift in Sources */,
				A46427C02BEA359A0084B17B /* PokemonDetailWorker.swift in Sources */,
				A45A6E3A2BE861E70019C872 /* PokemonListRouter.swift in Sources */,
				A45A6E3B2BE861E70019C872 /* PokemonListModels.swift in Sources */,
				A46427C12BEA359A0084B17B /* PokemonDetailRouter.swift in Sources */,
				A45A6E3C2BE861E70019C872 /* PokemonListViewController.swift in Sources */,
				A46427BF2BEA359A0084B17B /* PokemonDetailPresenter.swift in Sources */,
				A45A6E382BE861E70019C872 /* PokemonListPresenter.swift in Sources */,
				A45A6E392BE861E70019C872 /* PokemonListWorker.swift in Sources */,
				A45A6E0E2BE791340019C872 /* AppDelegate.swift in Sources */,
				A46427C42BEA359A0084B17B /* PokemonDetailInteractor.swift in Sources */,
			);
			runOnlyForDeploymentPostprocessing = 0;
		};
/* End PBXSourcesBuildPhase section */

/* Begin PBXVariantGroup section */
		A45A6E152BE791340019C872 /* Main.storyboard */ = {
			isa = PBXVariantGroup;
			children = (
				A45A6E162BE791340019C872 /* Base */,
			);
			name = Main.storyboard;
			sourceTree = "<group>";
		};
		A45A6E1A2BE791360019C872 /* LaunchScreen.storyboard */ = {
			isa = PBXVariantGroup;
			children = (
				A45A6E1B2BE791360019C872 /* Base */,
			);
			name = LaunchScreen.storyboard;
			sourceTree = "<group>";
		};
/* End PBXVariantGroup section */

/* Begin XCBuildConfiguration section */
		A45A6E1E2BE791360019C872 /* Debug */ = {
			isa = XCBuildConfiguration;
			buildSettings = {
				ALWAYS_SEARCH_USER_PATHS = NO;
				ASSETCATALOG_COMPILER_GENERATE_SWIFT_ASSET_SYMBOL_EXTENSIONS = YES;
				CLANG_ANALYZER_NONNULL = YES;
				CLANG_ANALYZER_NUMBER_OBJECT_CONVERSION = YES_AGGRESSIVE;
				CLANG_CXX_LANGUAGE_STANDARD = "gnu++20";
				CLANG_ENABLE_MODULES = YES;
				CLANG_ENABLE_OBJC_ARC = YES;
				CLANG_ENABLE_OBJC_WEAK = YES;
				CLANG_WARN_BLOCK_CAPTURE_AUTORELEASING = YES;
				CLANG_WARN_BOOL_CONVERSION = YES;
				CLANG_WARN_COMMA = YES;
				CLANG_WARN_CONSTANT_CONVERSION = YES;
				CLANG_WARN_DEPRECATED_OBJC_IMPLEMENTATIONS = YES;
				CLANG_WARN_DIRECT_OBJC_ISA_USAGE = YES_ERROR;
				CLANG_WARN_DOCUMENTATION_COMMENTS = YES;
				CLANG_WARN_EMPTY_BODY = YES;
				CLANG_WARN_ENUM_CONVERSION = YES;
				CLANG_WARN_INFINITE_RECURSION = YES;
				CLANG_WARN_INT_CONVERSION = YES;
				CLANG_WARN_NON_LITERAL_NULL_CONVERSION = YES;
				CLANG_WARN_OBJC_IMPLICIT_RETAIN_SELF = YES;
				CLANG_WARN_OBJC_LITERAL_CONVERSION = YES;
				CLANG_WARN_OBJC_ROOT_CLASS = YES_ERROR;
				CLANG_WARN_QUOTED_INCLUDE_IN_FRAMEWORK_HEADER = YES;
				CLANG_WARN_RANGE_LOOP_ANALYSIS = YES;
				CLANG_WARN_STRICT_PROTOTYPES = YES;
				CLANG_WARN_SUSPICIOUS_MOVE = YES;
				CLANG_WARN_UNGUARDED_AVAILABILITY = YES_AGGRESSIVE;
				CLANG_WARN_UNREACHABLE_CODE = YES;
				CLANG_WARN__DUPLICATE_METHOD_MATCH = YES;
				COPY_PHASE_STRIP = NO;
				DEBUG_INFORMATION_FORMAT = dwarf;
				ENABLE_STRICT_OBJC_MSGSEND = YES;
				ENABLE_TESTABILITY = YES;
				ENABLE_USER_SCRIPT_SANDBOXING = YES;
				GCC_C_LANGUAGE_STANDARD = gnu17;
				GCC_DYNAMIC_NO_PIC = NO;
				GCC_NO_COMMON_BLOCKS = YES;
				GCC_OPTIMIZATION_LEVEL = 0;
				GCC_PREPROCESSOR_DEFINITIONS = (
					"DEBUG=1",
					"$(inherited)",
				);
				GCC_WARN_64_TO_32_BIT_CONVERSION = YES;
				GCC_WARN_ABOUT_RETURN_TYPE = YES_ERROR;
				GCC_WARN_UNDECLARED_SELECTOR = YES;
				GCC_WARN_UNINITIALIZED_AUTOS = YES_AGGRESSIVE;
				GCC_WARN_UNUSED_FUNCTION = YES;
				GCC_WARN_UNUSED_VARIABLE = YES;
				IPHONEOS_DEPLOYMENT_TARGET = 17.2;
				LOCALIZATION_PREFERS_STRING_CATALOGS = YES;
				MTL_ENABLE_DEBUG_INFO = INCLUDE_SOURCE;
				MTL_FAST_MATH = YES;
				ONLY_ACTIVE_ARCH = YES;
				SDKROOT = iphoneos;
				SWIFT_ACTIVE_COMPILATION_CONDITIONS = "DEBUG $(inherited)";
				SWIFT_OPTIMIZATION_LEVEL = "-Onone";
			};
			name = Debug;
		};
		A45A6E1F2BE791360019C872 /* Release */ = {
			isa = XCBuildConfiguration;
			buildSettings = {
				ALWAYS_SEARCH_USER_PATHS = NO;
				ASSETCATALOG_COMPILER_GENERATE_SWIFT_ASSET_SYMBOL_EXTENSIONS = YES;
				CLANG_ANALYZER_NONNULL = YES;
				CLANG_ANALYZER_NUMBER_OBJECT_CONVERSION = YES_AGGRESSIVE;
				CLANG_CXX_LANGUAGE_STANDARD = "gnu++20";
				CLANG_ENABLE_MODULES = YES;
				CLANG_ENABLE_OBJC_ARC = YES;
				CLANG_ENABLE_OBJC_WEAK = YES;
				CLANG_WARN_BLOCK_CAPTURE_AUTORELEASING = YES;
				CLANG_WARN_BOOL_CONVERSION = YES;
				CLANG_WARN_COMMA = YES;
				CLANG_WARN_CONSTANT_CONVERSION = YES;
				CLANG_WARN_DEPRECATED_OBJC_IMPLEMENTATIONS = YES;
				CLANG_WARN_DIRECT_OBJC_ISA_USAGE = YES_ERROR;
				CLANG_WARN_DOCUMENTATION_COMMENTS = YES;
				CLANG_WARN_EMPTY_BODY = YES;
				CLANG_WARN_ENUM_CONVERSION = YES;
				CLANG_WARN_INFINITE_RECURSION = YES;
				CLANG_WARN_INT_CONVERSION = YES;
				CLANG_WARN_NON_LITERAL_NULL_CONVERSION = YES;
				CLANG_WARN_OBJC_IMPLICIT_RETAIN_SELF = YES;
				CLANG_WARN_OBJC_LITERAL_CONVERSION = YES;
				CLANG_WARN_OBJC_ROOT_CLASS = YES_ERROR;
				CLANG_WARN_QUOTED_INCLUDE_IN_FRAMEWORK_HEADER = YES;
				CLANG_WARN_RANGE_LOOP_ANALYSIS = YES;
				CLANG_WARN_STRICT_PROTOTYPES = YES;
				CLANG_WARN_SUSPICIOUS_MOVE = YES;
				CLANG_WARN_UNGUARDED_AVAILABILITY = YES_AGGRESSIVE;
				CLANG_WARN_UNREACHABLE_CODE = YES;
				CLANG_WARN__DUPLICATE_METHOD_MATCH = YES;
				COPY_PHASE_STRIP = NO;
				DEBUG_INFORMATION_FORMAT = "dwarf-with-dsym";
				ENABLE_NS_ASSERTIONS = NO;
				ENABLE_STRICT_OBJC_MSGSEND = YES;
				ENABLE_USER_SCRIPT_SANDBOXING = YES;
				GCC_C_LANGUAGE_STANDARD = gnu17;
				GCC_NO_COMMON_BLOCKS = YES;
				GCC_WARN_64_TO_32_BIT_CONVERSION = YES;
				GCC_WARN_ABOUT_RETURN_TYPE = YES_ERROR;
				GCC_WARN_UNDECLARED_SELECTOR = YES;
				GCC_WARN_UNINITIALIZED_AUTOS = YES_AGGRESSIVE;
				GCC_WARN_UNUSED_FUNCTION = YES;
				GCC_WARN_UNUSED_VARIABLE = YES;
				IPHONEOS_DEPLOYMENT_TARGET = 17.2;
				LOCALIZATION_PREFERS_STRING_CATALOGS = YES;
				MTL_ENABLE_DEBUG_INFO = NO;
				MTL_FAST_MATH = YES;
				SDKROOT = iphoneos;
				SWIFT_COMPILATION_MODE = wholemodule;
				VALIDATE_PRODUCT = YES;
			};
			name = Release;
		};
		A45A6E212BE791360019C872 /* Debug */ = {
			isa = XCBuildConfiguration;
			buildSettings = {
				ASSETCATALOG_COMPILER_APPICON_NAME = AppIcon;
				ASSETCATALOG_COMPILER_GLOBAL_ACCENT_COLOR_NAME = AccentColor;
				CODE_SIGN_STYLE = Automatic;
				CURRENT_PROJECT_VERSION = 1;
				DEVELOPMENT_TEAM = ZN6AVZY973;
				GENERATE_INFOPLIST_FILE = YES;
				INFOPLIST_FILE = "PokeAPI-Chalange/Info.plist";
				INFOPLIST_KEY_UIApplicationSupportsIndirectInputEvents = YES;
				INFOPLIST_KEY_UILaunchStoryboardName = LaunchScreen;
				INFOPLIST_KEY_UIMainStoryboardFile = Main;
				INFOPLIST_KEY_UISupportedInterfaceOrientations_iPad = "UIInterfaceOrientationPortrait UIInterfaceOrientationPortraitUpsideDown UIInterfaceOrientationLandscapeLeft UIInterfaceOrientationLandscapeRight";
				INFOPLIST_KEY_UISupportedInterfaceOrientations_iPhone = "UIInterfaceOrientationPortrait UIInterfaceOrientationLandscapeLeft UIInterfaceOrientationLandscapeRight";
				INFOPLIST_KEY_UISupportsDocumentBrowser = YES;
				LD_RUNPATH_SEARCH_PATHS = (
					"$(inherited)",
					"@executable_path/Frameworks",
				);
				MARKETING_VERSION = 1.0;
				PRODUCT_BUNDLE_IDENTIFIER = "com.putharch.pokeapi.PokeAPI-Chalange";
				PRODUCT_NAME = "$(TARGET_NAME)";
				SWIFT_EMIT_LOC_STRINGS = YES;
				SWIFT_VERSION = 5.0;
				TARGETED_DEVICE_FAMILY = "1,2";
			};
			name = Debug;
		};
		A45A6E222BE791360019C872 /* Release */ = {
			isa = XCBuildConfiguration;
			buildSettings = {
				ASSETCATALOG_COMPILER_APPICON_NAME = AppIcon;
				ASSETCATALOG_COMPILER_GLOBAL_ACCENT_COLOR_NAME = AccentColor;
				CODE_SIGN_STYLE = Automatic;
				CURRENT_PROJECT_VERSION = 1;
				DEVELOPMENT_TEAM = ZN6AVZY973;
				GENERATE_INFOPLIST_FILE = YES;
				INFOPLIST_FILE = "PokeAPI-Chalange/Info.plist";
				INFOPLIST_KEY_UIApplicationSupportsIndirectInputEvents = YES;
				INFOPLIST_KEY_UILaunchStoryboardName = LaunchScreen;
				INFOPLIST_KEY_UIMainStoryboardFile = Main;
				INFOPLIST_KEY_UISupportedInterfaceOrientations_iPad = "UIInterfaceOrientationPortrait UIInterfaceOrientationPortraitUpsideDown UIInterfaceOrientationLandscapeLeft UIInterfaceOrientationLandscapeRight";
				INFOPLIST_KEY_UISupportedInterfaceOrientations_iPhone = "UIInterfaceOrientationPortrait UIInterfaceOrientationLandscapeLeft UIInterfaceOrientationLandscapeRight";
				INFOPLIST_KEY_UISupportsDocumentBrowser = YES;
				LD_RUNPATH_SEARCH_PATHS = (
					"$(inherited)",
					"@executable_path/Frameworks",
				);
				MARKETING_VERSION = 1.0;
				PRODUCT_BUNDLE_IDENTIFIER = "com.putharch.pokeapi.PokeAPI-Chalange";
				PRODUCT_NAME = "$(TARGET_NAME)";
				SWIFT_EMIT_LOC_STRINGS = YES;
				SWIFT_VERSION = 5.0;
				TARGETED_DEVICE_FAMILY = "1,2";
			};
			name = Release;
		};
/* End XCBuildConfiguration section */

/* Begin XCConfigurationList section */
		A45A6E052BE791340019C872 /* Build configuration list for PBXProject "PokeAPI-Chalange" */ = {
			isa = XCConfigurationList;
			buildConfigurations = (
				A45A6E1E2BE791360019C872 /* Debug */,
				A45A6E1F2BE791360019C872 /* Release */,
			);
			defaultConfigurationIsVisible = 0;
			defaultConfigurationName = Release;
		};
		A45A6E202BE791360019C872 /* Build configuration list for PBXNativeTarget "PokeAPI-Chalange" */ = {
			isa = XCConfigurationList;
			buildConfigurations = (
				A45A6E212BE791360019C872 /* Debug */,
				A45A6E222BE791360019C872 /* Release */,
			);
			defaultConfigurationIsVisible = 0;
			defaultConfigurationName = Release;
		};
/* End XCConfigurationList section */

/* Begin XCRemoteSwiftPackageReference section */
		A45A6E232BE791E40019C872 /* XCRemoteSwiftPackageReference "Alamofire" */ = {
			isa = XCRemoteSwiftPackageReference;
			repositoryURL = "https://github.com/Alamofire/Alamofire.git";
			requirement = {
				kind = upToNextMajorVersion;
				minimumVersion = 5.9.1;
			};
		};
		A45A6E282BE792080019C872 /* XCRemoteSwiftPackageReference "SkeletonUI" */ = {
			isa = XCRemoteSwiftPackageReference;
			repositoryURL = "https://github.com/CSolanaM/SkeletonUI";
			requirement = {
				kind = upToNextMajorVersion;
				minimumVersion = 2.0.1;
			};
		};
		A45A6E2B2BE792200019C872 /* XCRemoteSwiftPackageReference "SDWebImage" */ = {
			isa = XCRemoteSwiftPackageReference;
			repositoryURL = "https://github.com/SDWebImage/SDWebImage.git";
			requirement = {
				kind = upToNextMajorVersion;
				minimumVersion = 5.19.1;
			};
		};
/* End XCRemoteSwiftPackageReference section */

/* Begin XCSwiftPackageProductDependency section */
		A45A6E242BE791E40019C872 /* Alamofire */ = {
			isa = XCSwiftPackageProductDependency;
			package = A45A6E232BE791E40019C872 /* XCRemoteSwiftPackageReference "Alamofire" */;
			productName = Alamofire;
		};
		A45A6E262BE791E40019C872 /* AlamofireDynamic */ = {
			isa = XCSwiftPackageProductDependency;
			package = A45A6E232BE791E40019C872 /* XCRemoteSwiftPackageReference "Alamofire" */;
			productName = AlamofireDynamic;
		};
		A45A6E292BE792080019C872 /* SkeletonUI */ = {
			isa = XCSwiftPackageProductDependency;
			package = A45A6E282BE792080019C872 /* XCRemoteSwiftPackageReference "SkeletonUI" */;
			productName = SkeletonUI;
		};
		A45A6E2C2BE792200019C872 /* SDWebImage */ = {
			isa = XCSwiftPackageProductDependency;
			package = A45A6E2B2BE792200019C872 /* XCRemoteSwiftPackageReference "SDWebImage" */;
			productName = SDWebImage;
		};
		A45A6E2E2BE792200019C872 /* SDWebImageMapKit */ = {
			isa = XCSwiftPackageProductDependency;
			package = A45A6E2B2BE792200019C872 /* XCRemoteSwiftPackageReference "SDWebImage" */;
			productName = SDWebImageMapKit;
		};
/* End XCSwiftPackageProductDependency section */
	};
	rootObject = A45A6E022BE791340019C872 /* Project object */;
}
